// !$*UTF8*$!
{
	archiveVersion = 1;
	classes = {
	};
	objectVersion = 46;
	objects = {

/* Begin PBXBuildFile section */
		9F57F06E1E2360CD00C5801F /* Helper.swift in Sources */ = {isa = PBXBuildFile; fileRef = 9F57F06D1E2360CD00C5801F /* Helper.swift */; };
		9F57F06F1E2360E200C5801F /* Helper.swift in Sources */ = {isa = PBXBuildFile; fileRef = 9F57F06D1E2360CD00C5801F /* Helper.swift */; };
		9F57F0721E23644E00C5801F /* PTUSBHub.m in Sources */ = {isa = PBXBuildFile; fileRef = 9F91AE4F1E2208EF0065410F /* PTUSBHub.m */; };
		9F57F0731E23644E00C5801F /* PTUSBHub.m in Sources */ = {isa = PBXBuildFile; fileRef = 9F91AE4F1E2208EF0065410F /* PTUSBHub.m */; };
		9F57F0741E23645500C5801F /* PTProtocol.m in Sources */ = {isa = PBXBuildFile; fileRef = 9F91AE4D1E2208EF0065410F /* PTProtocol.m */; };
		9F57F0751E23645500C5801F /* PTProtocol.m in Sources */ = {isa = PBXBuildFile; fileRef = 9F91AE4D1E2208EF0065410F /* PTProtocol.m */; };
		9F57F0761E23645E00C5801F /* PTChannel.m in Sources */ = {isa = PBXBuildFile; fileRef = 9F91AE491E2208EF0065410F /* PTChannel.m */; };
		9F57F0771E23645E00C5801F /* PTChannel.m in Sources */ = {isa = PBXBuildFile; fileRef = 9F91AE491E2208EF0065410F /* PTChannel.m */; };
		9F91AE221E22089E0065410F /* AppDelegate.swift in Sources */ = {isa = PBXBuildFile; fileRef = 9F91AE211E22089E0065410F /* AppDelegate.swift */; };
		9F91AE241E22089E0065410F /* ViewController.swift in Sources */ = {isa = PBXBuildFile; fileRef = 9F91AE231E22089E0065410F /* ViewController.swift */; };
		9F91AE271E22089E0065410F /* Main.storyboard in Resources */ = {isa = PBXBuildFile; fileRef = 9F91AE251E22089E0065410F /* Main.storyboard */; };
		9F91AE291E22089E0065410F /* Assets.xcassets in Resources */ = {isa = PBXBuildFile; fileRef = 9F91AE281E22089E0065410F /* Assets.xcassets */; };
		9F91AE2C1E22089E0065410F /* LaunchScreen.storyboard in Resources */ = {isa = PBXBuildFile; fileRef = 9F91AE2A1E22089E0065410F /* LaunchScreen.storyboard */; };
		9F91AE381E2208AD0065410F /* AppDelegate.swift in Sources */ = {isa = PBXBuildFile; fileRef = 9F91AE371E2208AD0065410F /* AppDelegate.swift */; };
		9F91AE3A1E2208AD0065410F /* ViewController.swift in Sources */ = {isa = PBXBuildFile; fileRef = 9F91AE391E2208AD0065410F /* ViewController.swift */; };
		9F91AE3C1E2208AD0065410F /* Assets.xcassets in Resources */ = {isa = PBXBuildFile; fileRef = 9F91AE3B1E2208AD0065410F /* Assets.xcassets */; };
		9F91AE3F1E2208AD0065410F /* Main.storyboard in Resources */ = {isa = PBXBuildFile; fileRef = 9F91AE3D1E2208AD0065410F /* Main.storyboard */; };
		9F91AE511E2208EF0065410F /* Info.plist in Resources */ = {isa = PBXBuildFile; fileRef = 9F91AE451E2208EF0065410F /* Info.plist */; };
/* End PBXBuildFile section */

/* Begin PBXFileReference section */
		9F57F06D1E2360CD00C5801F /* Helper.swift */ = {isa = PBXFileReference; fileEncoding = 4; lastKnownFileType = sourcecode.swift; name = Helper.swift; path = "PeertalkManual-Mac/Helper.swift"; sourceTree = "<group>"; };
		9F91AE1F1E22089E0065410F /* PeertalkManual-iOS.app */ = {isa = PBXFileReference; explicitFileType = wrapper.application; includeInIndex = 0; path = "PeertalkManual-iOS.app"; sourceTree = BUILT_PRODUCTS_DIR; };
		9F91AE211E22089E0065410F /* AppDelegate.swift */ = {isa = PBXFileReference; lastKnownFileType = sourcecode.swift; path = AppDelegate.swift; sourceTree = "<group>"; };
		9F91AE231E22089E0065410F /* ViewController.swift */ = {isa = PBXFileReference; lastKnownFileType = sourcecode.swift; path = ViewController.swift; sourceTree = "<group>"; };
		9F91AE261E22089E0065410F /* Base */ = {isa = PBXFileReference; lastKnownFileType = file.storyboard; name = Base; path = Base.lproj/Main.storyboard; sourceTree = "<group>"; };
		9F91AE281E22089E0065410F /* Assets.xcassets */ = {isa = PBXFileReference; lastKnownFileType = folder.assetcatalog; path = Assets.xcassets; sourceTree = "<group>"; };
		9F91AE2B1E22089E0065410F /* Base */ = {isa = PBXFileReference; lastKnownFileType = file.storyboard; name = Base; path = Base.lproj/LaunchScreen.storyboard; sourceTree = "<group>"; };
		9F91AE2D1E22089E0065410F /* Info.plist */ = {isa = PBXFileReference; lastKnownFileType = text.plist.xml; path = Info.plist; sourceTree = "<group>"; };
		9F91AE351E2208AD0065410F /* PeertalkManual-Mac.app */ = {isa = PBXFileReference; explicitFileType = wrapper.application; includeInIndex = 0; path = "PeertalkManual-Mac.app"; sourceTree = BUILT_PRODUCTS_DIR; };
		9F91AE371E2208AD0065410F /* AppDelegate.swift */ = {isa = PBXFileReference; lastKnownFileType = sourcecode.swift; path = AppDelegate.swift; sourceTree = "<group>"; };
		9F91AE391E2208AD0065410F /* ViewController.swift */ = {isa = PBXFileReference; lastKnownFileType = sourcecode.swift; path = ViewController.swift; sourceTree = "<group>"; };
		9F91AE3B1E2208AD0065410F /* Assets.xcassets */ = {isa = PBXFileReference; lastKnownFileType = folder.assetcatalog; path = Assets.xcassets; sourceTree = "<group>"; };
		9F91AE3E1E2208AD0065410F /* Base */ = {isa = PBXFileReference; lastKnownFileType = file.storyboard; name = Base; path = Base.lproj/Main.storyboard; sourceTree = "<group>"; };
		9F91AE401E2208AD0065410F /* Info.plist */ = {isa = PBXFileReference; lastKnownFileType = text.plist.xml; path = Info.plist; sourceTree = "<group>"; };
		9F91AE451E2208EF0065410F /* Info.plist */ = {isa = PBXFileReference; fileEncoding = 4; lastKnownFileType = text.plist.xml; path = Info.plist; sourceTree = "<group>"; };
		9F91AE461E2208EF0065410F /* Peertalk.h */ = {isa = PBXFileReference; fileEncoding = 4; lastKnownFileType = sourcecode.c.h; path = Peertalk.h; sourceTree = "<group>"; };
		9F91AE471E2208EF0065410F /* prefix.pch */ = {isa = PBXFileReference; fileEncoding = 4; lastKnownFileType = sourcecode.c.h; path = prefix.pch; sourceTree = "<group>"; };
		9F91AE481E2208EF0065410F /* PTChannel.h */ = {isa = PBXFileReference; fileEncoding = 4; lastKnownFileType = sourcecode.c.h; path = PTChannel.h; sourceTree = "<group>"; };
		9F91AE491E2208EF0065410F /* PTChannel.m */ = {isa = PBXFileReference; fileEncoding = 4; lastKnownFileType = sourcecode.c.objc; path = PTChannel.m; sourceTree = "<group>"; };
		9F91AE4A1E2208EF0065410F /* PTExampleProtocol.h */ = {isa = PBXFileReference; fileEncoding = 4; lastKnownFileType = sourcecode.c.h; path = PTExampleProtocol.h; sourceTree = "<group>"; };
		9F91AE4B1E2208EF0065410F /* PTPrivate.h */ = {isa = PBXFileReference; fileEncoding = 4; lastKnownFileType = sourcecode.c.h; path = PTPrivate.h; sourceTree = "<group>"; };
		9F91AE4C1E2208EF0065410F /* PTProtocol.h */ = {isa = PBXFileReference; fileEncoding = 4; lastKnownFileType = sourcecode.c.h; path = PTProtocol.h; sourceTree = "<group>"; };
		9F91AE4D1E2208EF0065410F /* PTProtocol.m */ = {isa = PBXFileReference; fileEncoding = 4; lastKnownFileType = sourcecode.c.objc; path = PTProtocol.m; sourceTree = "<group>"; };
		9F91AE4E1E2208EF0065410F /* PTUSBHub.h */ = {isa = PBXFileReference; fileEncoding = 4; lastKnownFileType = sourcecode.c.h; path = PTUSBHub.h; sourceTree = "<group>"; };
		9F91AE4F1E2208EF0065410F /* PTUSBHub.m */ = {isa = PBXFileReference; fileEncoding = 4; lastKnownFileType = sourcecode.c.objc; path = PTUSBHub.m; sourceTree = "<group>"; };
		9F91AE501E2208EF0065410F /* PeertalkManual-Bridging-Header.h */ = {isa = PBXFileReference; fileEncoding = 4; lastKnownFileType = sourcecode.c.h; path = "PeertalkManual-Bridging-Header.h"; sourceTree = "<group>"; };
/* End PBXFileReference section */

/* Begin PBXFrameworksBuildPhase section */
		9F91AE1C1E22089E0065410F /* Frameworks */ = {
			isa = PBXFrameworksBuildPhase;
			buildActionMask = 2147483647;
			files = (
			);
			runOnlyForDeploymentPostprocessing = 0;
		};
		9F91AE321E2208AD0065410F /* Frameworks */ = {
			isa = PBXFrameworksBuildPhase;
			buildActionMask = 2147483647;
			files = (
			);
			runOnlyForDeploymentPostprocessing = 0;
		};
/* End PBXFrameworksBuildPhase section */

/* Begin PBXGroup section */
		9F91ADFD1E2208390065410F = {
			isa = PBXGroup;
			children = (
				9F91AE441E2208EF0065410F /* peertalk */,
				9F91AE501E2208EF0065410F /* PeertalkManual-Bridging-Header.h */,
				9F57F06D1E2360CD00C5801F /* Helper.swift */,
				9F91AE201E22089E0065410F /* PeertalkManual-iOS */,
				9F91AE361E2208AD0065410F /* PeertalkManual-Mac */,
				9F91AE071E2208390065410F /* Products */,
			);
			sourceTree = "<group>";
		};
		9F91AE071E2208390065410F /* Products */ = {
			isa = PBXGroup;
			children = (
				9F91AE1F1E22089E0065410F /* PeertalkManual-iOS.app */,
				9F91AE351E2208AD0065410F /* PeertalkManual-Mac.app */,
			);
			name = Products;
			sourceTree = "<group>";
		};
		9F91AE201E22089E0065410F /* PeertalkManual-iOS */ = {
			isa = PBXGroup;
			children = (
				9F91AE211E22089E0065410F /* AppDelegate.swift */,
				9F91AE231E22089E0065410F /* ViewController.swift */,
				9F91AE251E22089E0065410F /* Main.storyboard */,
				9F91AE281E22089E0065410F /* Assets.xcassets */,
				9F91AE2A1E22089E0065410F /* LaunchScreen.storyboard */,
				9F91AE2D1E22089E0065410F /* Info.plist */,
			);
			path = "PeertalkManual-iOS";
			sourceTree = "<group>";
		};
		9F91AE361E2208AD0065410F /* PeertalkManual-Mac */ = {
			isa = PBXGroup;
			children = (
				9F91AE371E2208AD0065410F /* AppDelegate.swift */,
				9F91AE391E2208AD0065410F /* ViewController.swift */,
				9F91AE3B1E2208AD0065410F /* Assets.xcassets */,
				9F91AE3D1E2208AD0065410F /* Main.storyboard */,
				9F91AE401E2208AD0065410F /* Info.plist */,
			);
			path = "PeertalkManual-Mac";
			sourceTree = "<group>";
		};
		9F91AE441E2208EF0065410F /* peertalk */ = {
			isa = PBXGroup;
			children = (
				9F91AE451E2208EF0065410F /* Info.plist */,
				9F91AE461E2208EF0065410F /* Peertalk.h */,
				9F91AE471E2208EF0065410F /* prefix.pch */,
				9F91AE481E2208EF0065410F /* PTChannel.h */,
				9F91AE491E2208EF0065410F /* PTChannel.m */,
				9F91AE4A1E2208EF0065410F /* PTExampleProtocol.h */,
				9F91AE4B1E2208EF0065410F /* PTPrivate.h */,
				9F91AE4C1E2208EF0065410F /* PTProtocol.h */,
				9F91AE4D1E2208EF0065410F /* PTProtocol.m */,
				9F91AE4E1E2208EF0065410F /* PTUSBHub.h */,
				9F91AE4F1E2208EF0065410F /* PTUSBHub.m */,
			);
			path = peertalk;
			sourceTree = "<group>";
		};
/* End PBXGroup section */

/* Begin PBXNativeTarget section */
		9F91AE1E1E22089E0065410F /* PeertalkManual-iOS */ = {
			isa = PBXNativeTarget;
			buildConfigurationList = 9F91AE2E1E22089E0065410F /* Build configuration list for PBXNativeTarget "PeertalkManual-iOS" */;
			buildPhases = (
				9F91AE1B1E22089E0065410F /* Sources */,
				9F91AE1C1E22089E0065410F /* Frameworks */,
				9F91AE1D1E22089E0065410F /* Resources */,
			);
			buildRules = (
			);
			dependencies = (
			);
			name = "PeertalkManual-iOS";
			productName = "PeertalkManual-iOS";
			productReference = 9F91AE1F1E22089E0065410F /* PeertalkManual-iOS.app */;
			productType = "com.apple.product-type.application";
		};
		9F91AE341E2208AD0065410F /* PeertalkManual-Mac */ = {
			isa = PBXNativeTarget;
			buildConfigurationList = 9F91AE411E2208AD0065410F /* Build configuration list for PBXNativeTarget "PeertalkManual-Mac" */;
			buildPhases = (
				9F91AE311E2208AD0065410F /* Sources */,
				9F91AE321E2208AD0065410F /* Frameworks */,
				9F91AE331E2208AD0065410F /* Resources */,
			);
			buildRules = (
			);
			dependencies = (
			);
			name = "PeertalkManual-Mac";
			productName = "PeertalkManual-Mac";
			productReference = 9F91AE351E2208AD0065410F /* PeertalkManual-Mac.app */;
			productType = "com.apple.product-type.application";
		};
/* End PBXNativeTarget section */

/* Begin PBXProject section */
		9F91ADFE1E2208390065410F /* Project object */ = {
			isa = PBXProject;
			attributes = {
				LastSwiftUpdateCheck = 0820;
				LastUpgradeCheck = 0820;
				ORGANIZATIONNAME = Kiran;
				TargetAttributes = {
					9F91AE1E1E22089E0065410F = {
						CreatedOnToolsVersion = 8.2.1;
						DevelopmentTeam = Y9Y96CV7VP;
						ProvisioningStyle = Automatic;
					};
					9F91AE341E2208AD0065410F = {
						CreatedOnToolsVersion = 8.2.1;
						ProvisioningStyle = Automatic;
					};
				};
			};
			buildConfigurationList = 9F91AE011E2208390065410F /* Build configuration list for PBXProject "PeertalkManual" */;
			compatibilityVersion = "Xcode 3.2";
			developmentRegion = English;
			hasScannedForEncodings = 0;
			knownRegions = (
				en,
				Base,
			);
			mainGroup = 9F91ADFD1E2208390065410F;
			productRefGroup = 9F91AE071E2208390065410F /* Products */;
			projectDirPath = "";
			projectRoot = "";
			targets = (
				9F91AE1E1E22089E0065410F /* PeertalkManual-iOS */,
				9F91AE341E2208AD0065410F /* PeertalkManual-Mac */,
			);
		};
/* End PBXProject section */

/* Begin PBXResourcesBuildPhase section */
		9F91AE1D1E22089E0065410F /* Resources */ = {
			isa = PBXResourcesBuildPhase;
			buildActionMask = 2147483647;
			files = (
				9F91AE511E2208EF0065410F /* Info.plist in Resources */,
				9F91AE2C1E22089E0065410F /* LaunchScreen.storyboard in Resources */,
				9F91AE291E22089E0065410F /* Assets.xcassets in Resources */,
				9F91AE271E22089E0065410F /* Main.storyboard in Resources */,
			);
			runOnlyForDeploymentPostprocessing = 0;
		};
		9F91AE331E2208AD0065410F /* Resources */ = {
			isa = PBXResourcesBuildPhase;
			buildActionMask = 2147483647;
			files = (
				9F91AE3C1E2208AD0065410F /* Assets.xcassets in Resources */,
				9F91AE3F1E2208AD0065410F /* Main.storyboard in Resources */,
			);
			runOnlyForDeploymentPostprocessing = 0;
		};
/* End PBXResourcesBuildPhase section */

/* Begin PBXSourcesBuildPhase section */
		9F91AE1B1E22089E0065410F /* Sources */ = {
			isa = PBXSourcesBuildPhase;
			buildActionMask = 2147483647;
			files = (
				9F91AE241E22089E0065410F /* ViewController.swift in Sources */,
				9F57F0761E23645E00C5801F /* PTChannel.m in Sources */,
				9F91AE221E22089E0065410F /* AppDelegate.swift in Sources */,
				9F57F0721E23644E00C5801F /* PTUSBHub.m in Sources */,
				9F57F06F1E2360E200C5801F /* Helper.swift in Sources */,
				9F57F0741E23645500C5801F /* PTProtocol.m in Sources */,
			);
			runOnlyForDeploymentPostprocessing = 0;
		};
		9F91AE311E2208AD0065410F /* Sources */ = {
			isa = PBXSourcesBuildPhase;
			buildActionMask = 2147483647;
			files = (
				9F91AE3A1E2208AD0065410F /* ViewController.swift in Sources */,
				9F57F0771E23645E00C5801F /* PTChannel.m in Sources */,
				9F91AE381E2208AD0065410F /* AppDelegate.swift in Sources */,
				9F57F0731E23644E00C5801F /* PTUSBHub.m in Sources */,
				9F57F06E1E2360CD00C5801F /* Helper.swift in Sources */,
				9F57F0751E23645500C5801F /* PTProtocol.m in Sources */,
			);
			runOnlyForDeploymentPostprocessing = 0;
		};
/* End PBXSourcesBuildPhase section */

/* Begin PBXVariantGroup section */
		9F91AE251E22089E0065410F /* Main.storyboard */ = {
			isa = PBXVariantGroup;
			children = (
				9F91AE261E22089E0065410F /* Base */,
			);
			name = Main.storyboard;
			sourceTree = "<group>";
		};
		9F91AE2A1E22089E0065410F /* LaunchScreen.storyboard */ = {
			isa = PBXVariantGroup;
			children = (
				9F91AE2B1E22089E0065410F /* Base */,
			);
			name = LaunchScreen.storyboard;
			sourceTree = "<group>";
		};
		9F91AE3D1E2208AD0065410F /* Main.storyboard */ = {
			isa = PBXVariantGroup;
			children = (
				9F91AE3E1E2208AD0065410F /* Base */,
			);
			name = Main.storyboard;
			sourceTree = "<group>";
		};
/* End PBXVariantGroup section */

/* Begin XCBuildConfiguration section */
		9F91AE161E2208390065410F /* Debug */ = {
			isa = XCBuildConfiguration;
			buildSettings = {
				ALWAYS_SEARCH_USER_PATHS = NO;
				CLANG_ANALYZER_NONNULL = YES;
				CLANG_CXX_LANGUAGE_STANDARD = "gnu++0x";
				CLANG_CXX_LIBRARY = "libc++";
				CLANG_ENABLE_MODULES = YES;
				CLANG_ENABLE_OBJC_ARC = YES;
				CLANG_WARN_BOOL_CONVERSION = YES;
				CLANG_WARN_CONSTANT_CONVERSION = YES;
				CLANG_WARN_DIRECT_OBJC_ISA_USAGE = YES_ERROR;
				CLANG_WARN_DOCUMENTATION_COMMENTS = YES;
				CLANG_WARN_EMPTY_BODY = YES;
				CLANG_WARN_ENUM_CONVERSION = YES;
				CLANG_WARN_INFINITE_RECURSION = YES;
				CLANG_WARN_INT_CONVERSION = YES;
				CLANG_WARN_OBJC_ROOT_CLASS = YES_ERROR;
				CLANG_WARN_SUSPICIOUS_MOVE = YES;
				CLANG_WARN_UNREACHABLE_CODE = YES;
				CLANG_WARN__DUPLICATE_METHOD_MATCH = YES;
				"CODE_SIGN_IDENTITY[sdk=iphoneos*]" = "iPhone Developer";
				COPY_PHASE_STRIP = NO;
				DEBUG_INFORMATION_FORMAT = dwarf;
				ENABLE_STRICT_OBJC_MSGSEND = YES;
				ENABLE_TESTABILITY = YES;
				GCC_C_LANGUAGE_STANDARD = gnu99;
				GCC_DYNAMIC_NO_PIC = NO;
				GCC_NO_COMMON_BLOCKS = YES;
				GCC_OPTIMIZATION_LEVEL = 0;
				GCC_PREPROCESSOR_DEFINITIONS = (
					"DEBUG=1",
					"$(inherited)",
				);
				GCC_WARN_64_TO_32_BIT_CONVERSION = YES;
				GCC_WARN_ABOUT_RETURN_TYPE = YES_ERROR;
				GCC_WARN_UNDECLARED_SELECTOR = YES;
				GCC_WARN_UNINITIALIZED_AUTOS = YES_AGGRESSIVE;
				GCC_WARN_UNUSED_FUNCTION = YES;
				GCC_WARN_UNUSED_VARIABLE = YES;
				IPHONEOS_DEPLOYMENT_TARGET = 10.2;
				MTL_ENABLE_DEBUG_INFO = YES;
				ONLY_ACTIVE_ARCH = YES;
				SDKROOT = iphoneos;
				SWIFT_ACTIVE_COMPILATION_CONDITIONS = DEBUG;
				SWIFT_OPTIMIZATION_LEVEL = "-Onone";
				TARGETED_DEVICE_FAMILY = "1,2";
			};
			name = Debug;
		};
		9F91AE171E2208390065410F /* Release */ = {
			isa = XCBuildConfiguration;
			buildSettings = {
				ALWAYS_SEARCH_USER_PATHS = NO;
				CLANG_ANALYZER_NONNULL = YES;
				CLANG_CXX_LANGUAGE_STANDARD = "gnu++0x";
				CLANG_CXX_LIBRARY = "libc++";
				CLANG_ENABLE_MODULES = YES;
				CLANG_ENABLE_OBJC_ARC = YES;
				CLANG_WARN_BOOL_CONVERSION = YES;
				CLANG_WARN_CONSTANT_CONVERSION = YES;
				CLANG_WARN_DIRECT_OBJC_ISA_USAGE = YES_ERROR;
				CLANG_WARN_DOCUMENTATION_COMMENTS = YES;
				CLANG_WARN_EMPTY_BODY = YES;
				CLANG_WARN_ENUM_CONVERSION = YES;
				CLANG_WARN_INFINITE_RECURSION = YES;
				CLANG_WARN_INT_CONVERSION = YES;
				CLANG_WARN_OBJC_ROOT_CLASS = YES_ERROR;
				CLANG_WARN_SUSPICIOUS_MOVE = YES;
				CLANG_WARN_UNREACHABLE_CODE = YES;
				CLANG_WARN__DUPLICATE_METHOD_MATCH = YES;
				"CODE_SIGN_IDENTITY[sdk=iphoneos*]" = "iPhone Developer";
				COPY_PHASE_STRIP = NO;
				DEBUG_INFORMATION_FORMAT = "dwarf-with-dsym";
				ENABLE_NS_ASSERTIONS = NO;
				ENABLE_STRICT_OBJC_MSGSEND = YES;
				GCC_C_LANGUAGE_STANDARD = gnu99;
				GCC_NO_COMMON_BLOCKS = YES;
				GCC_WARN_64_TO_32_BIT_CONVERSION = YES;
				GCC_WARN_ABOUT_RETURN_TYPE = YES_ERROR;
				GCC_WARN_UNDECLARED_SELECTOR = YES;
				GCC_WARN_UNINITIALIZED_AUTOS = YES_AGGRESSIVE;
				GCC_WARN_UNUSED_FUNCTION = YES;
				GCC_WARN_UNUSED_VARIABLE = YES;
				IPHONEOS_DEPLOYMENT_TARGET = 10.2;
				MTL_ENABLE_DEBUG_INFO = NO;
				SDKROOT = iphoneos;
				SWIFT_OPTIMIZATION_LEVEL = "-Owholemodule";
				TARGETED_DEVICE_FAMILY = "1,2";
				VALIDATE_PRODUCT = YES;
			};
			name = Release;
		};
		9F91AE2F1E22089E0065410F /* Debug */ = {
			isa = XCBuildConfiguration;
			buildSettings = {
				ASSETCATALOG_COMPILER_APPICON_NAME = AppIcon;
				DEVELOPMENT_TEAM = Y9Y96CV7VP;
				INFOPLIST_FILE = "PeertalkManual-iOS/Info.plist";
				IPHONEOS_DEPLOYMENT_TARGET = 9.0;
				LD_RUNPATH_SEARCH_PATHS = "$(inherited) @executable_path/Frameworks";
				PRODUCT_BUNDLE_IDENTIFIER = "self.edu.PeertalkManual-iOS";
				PRODUCT_NAME = "$(TARGET_NAME)";
				SWIFT_OBJC_BRIDGING_HEADER = "PeertalkManual-Bridging-Header.h";
				SWIFT_VERSION = 3.0;
			};
			name = Debug;
		};
		9F91AE301E22089E0065410F /* Release */ = {
			isa = XCBuildConfiguration;
			buildSettings = {
				ASSETCATALOG_COMPILER_APPICON_NAME = AppIcon;
				DEVELOPMENT_TEAM = Y9Y96CV7VP;
				INFOPLIST_FILE = "PeertalkManual-iOS/Info.plist";
				IPHONEOS_DEPLOYMENT_TARGET = 9.0;
				LD_RUNPATH_SEARCH_PATHS = "$(inherited) @executable_path/Frameworks";
				PRODUCT_BUNDLE_IDENTIFIER = "self.edu.PeertalkManual-iOS";
				PRODUCT_NAME = "$(TARGET_NAME)";
				SWIFT_OBJC_BRIDGING_HEADER = "PeertalkManual-Bridging-Header.h";
				SWIFT_VERSION = 3.0;
			};
			name = Release;
		};
		9F91AE421E2208AD0065410F /* Debug */ = {
			isa = XCBuildConfiguration;
			buildSettings = {
				ASSETCATALOG_COMPILER_APPICON_NAME = AppIcon;
				CODE_SIGN_IDENTITY = "-";
				COMBINE_HIDPI_IMAGES = YES;
				INFOPLIST_FILE = "PeertalkManual-Mac/Info.plist";
				LD_RUNPATH_SEARCH_PATHS = "$(inherited) @executable_path/../Frameworks";
				MACOSX_DEPLOYMENT_TARGET = 10.12;
				PRODUCT_BUNDLE_IDENTIFIER = "self.edu.PeertalkManual-Mac";
				PRODUCT_NAME = "$(TARGET_NAME)";
				SDKROOT = macosx;
				SWIFT_OBJC_BRIDGING_HEADER = "PeertalkManual-Bridging-Header.h";
				SWIFT_VERSION = 3.0;
			};
			name = Debug;
		};
		9F91AE431E2208AD0065410F /* Release */ = {
			isa = XCBuildConfiguration;
			buildSettings = {
				ASSETCATALOG_COMPILER_APPICON_NAME = AppIcon;
				CODE_SIGN_IDENTITY = "-";
				COMBINE_HIDPI_IMAGES = YES;
				INFOPLIST_FILE = "PeertalkManual-Mac/Info.plist";
				LD_RUNPATH_SEARCH_PATHS = "$(inherited) @executable_path/../Frameworks";
				MACOSX_DEPLOYMENT_TARGET = 10.12;
				PRODUCT_BUNDLE_IDENTIFIER = "self.edu.PeertalkManual-Mac";
				PRODUCT_NAME = "$(TARGET_NAME)";
				SDKROOT = macosx;
				SWIFT_OBJC_BRIDGING_HEADER = "PeertalkManual-Bridging-Header.h";
				SWIFT_VERSION = 3.0;
			};
			name = Release;
		};
/* End XCBuildConfiguration section */

/* Begin XCConfigurationList section */
		9F91AE011E2208390065410F /* Build configuration list for PBXProject "PeertalkManual" */ = {
			isa = XCConfigurationList;
			buildConfigurations = (
				9F91AE161E2208390065410F /* Debug */,
				9F91AE171E2208390065410F /* Release */,
			);
			defaultConfigurationIsVisible = 0;
			defaultConfigurationName = Release;
		};
		9F91AE2E1E22089E0065410F /* Build configuration list for PBXNativeTarget "PeertalkManual-iOS" */ = {
			isa = XCConfigurationList;
			buildConfigurations = (
				9F91AE2F1E22089E0065410F /* Debug */,
				9F91AE301E22089E0065410F /* Release */,
			);
			defaultConfigurationIsVisible = 0;
			defaultConfigurationName = Release;
		};
		9F91AE411E2208AD0065410F /* Build configuration list for PBXNativeTarget "PeertalkManual-Mac" */ = {
			isa = XCConfigurationList;
			buildConfigurations = (
				9F91AE421E2208AD0065410F /* Debug */,
				9F91AE431E2208AD0065410F /* Release */,
			);
			defaultConfigurationIsVisible = 0;
			defaultConfigurationName = Release;
		};
/* End XCConfigurationList section */
	};
	rootObject = 9F91ADFE1E2208390065410F /* Project object */;
}
